// !$*UTF8*$!
{
	archiveVersion = 1;
	classes = {
	};
	objectVersion = 60;
	objects = {

/* Begin PBXBuildFile section */
		033B1A722C801F71008EEAA0 /* AppDelegate.swift in Sources */ = {isa = PBXBuildFile; fileRef = 033B1A712C801F71008EEAA0 /* AppDelegate.swift */; };
		033B1A742C801F71008EEAA0 /* SceneDelegate.swift in Sources */ = {isa = PBXBuildFile; fileRef = 033B1A732C801F71008EEAA0 /* SceneDelegate.swift */; };
		033B1A762C801F71008EEAA0 /* ViewController.swift in Sources */ = {isa = PBXBuildFile; fileRef = 033B1A752C801F71008EEAA0 /* ViewController.swift */; };
		033B1A792C801F71008EEAA0 /* Base in Resources */ = {isa = PBXBuildFile; fileRef = 033B1A782C801F71008EEAA0 /* Base */; };
		033B1A7B2C801F73008EEAA0 /* Assets.xcassets in Resources */ = {isa = PBXBuildFile; fileRef = 033B1A7A2C801F73008EEAA0 /* Assets.xcassets */; };
		033B1A7E2C801F73008EEAA0 /* Base in Resources */ = {isa = PBXBuildFile; fileRef = 033B1A7D2C801F73008EEAA0 /* Base */; };
		033B1A872C802101008EEAA0 /* HomeADController.swift in Sources */ = {isa = PBXBuildFile; fileRef = 033B1A862C802101008EEAA0 /* HomeADController.swift */; };
		375F94ADA785BF9950DE1140 /* AppLovinQualityService.xcframework in Frameworks */ = {isa = PBXBuildFile; fileRef = F66FD48A2A6FD6198053CE0A /* AppLovinQualityService.xcframework */; };
		922420692712F5286AF02E8A /* AppLovinQualityService.xcframework in AppLovinQualityService Embed Framework */ = {isa = PBXBuildFile; fileRef = F66FD48A2A6FD6198053CE0A /* AppLovinQualityService.xcframework */; settings = {ATTRIBUTES = (CodeSignOnCopy, RemoveHeadersOnCopy, ); }; };
		D22A35B8EC53287D5502A6D6 /* Pods_YannApplovinDemo.framework in Frameworks */ = {isa = PBXBuildFile; fileRef = C8E7BB2072B82587D8C7FF87 /* Pods_YannApplovinDemo.framework */; };
/* End PBXBuildFile section */

/* Begin PBXCopyFilesBuildPhase section */
		29F31896075623219A9FB63D /* AppLovinQualityService Embed Framework */ = {
			isa = PBXCopyFilesBuildPhase;
			buildActionMask = 2147483647;
			dstPath = "";
			dstSubfolderSpec = 10;
			files = (
				922420692712F5286AF02E8A /* AppLovinQualityService.xcframework in AppLovinQualityService Embed Framework */,
			);
			name = "AppLovinQualityService Embed Framework";
			runOnlyForDeploymentPostprocessing = 0;
		};
/* End PBXCopyFilesBuildPhase section */

/* Begin PBXFileReference section */
		033B1A6E2C801F71008EEAA0 /* YannApplovinDemo.app */ = {isa = PBXFileReference; explicitFileType = wrapper.application; includeInIndex = 0; path = YannApplovinDemo.app; sourceTree = BUILT_PRODUCTS_DIR; };
		033B1A712C801F71008EEAA0 /* AppDelegate.swift */ = {isa = PBXFileReference; lastKnownFileType = sourcecode.swift; path = AppDelegate.swift; sourceTree = "<group>"; };
		033B1A732C801F71008EEAA0 /* SceneDelegate.swift */ = {isa = PBXFileReference; lastKnownFileType = sourcecode.swift; path = SceneDelegate.swift; sourceTree = "<group>"; };
		033B1A752C801F71008EEAA0 /* ViewController.swift */ = {isa = PBXFileReference; lastKnownFileType = sourcecode.swift; path = ViewController.swift; sourceTree = "<group>"; };
		033B1A782C801F71008EEAA0 /* Base */ = {isa = PBXFileReference; lastKnownFileType = file.storyboard; name = Base; path = Base.lproj/Main.storyboard; sourceTree = "<group>"; };
		033B1A7A2C801F73008EEAA0 /* Assets.xcassets */ = {isa = PBXFileReference; lastKnownFileType = folder.assetcatalog; path = Assets.xcassets; sourceTree = "<group>"; };
		033B1A7D2C801F73008EEAA0 /* Base */ = {isa = PBXFileReference; lastKnownFileType = file.storyboard; name = Base; path = Base.lproj/LaunchScreen.storyboard; sourceTree = "<group>"; };
		033B1A7F2C801F73008EEAA0 /* Info.plist */ = {isa = PBXFileReference; lastKnownFileType = text.plist.xml; path = Info.plist; sourceTree = "<group>"; };
		033B1A862C802101008EEAA0 /* HomeADController.swift */ = {isa = PBXFileReference; lastKnownFileType = sourcecode.swift; path = HomeADController.swift; sourceTree = "<group>"; };
		513381FB9DD97EED8FC1969F /* Pods-YannApplovinDemo.release.xcconfig */ = {isa = PBXFileReference; includeInIndex = 1; lastKnownFileType = text.xcconfig; name = "Pods-YannApplovinDemo.release.xcconfig"; path = "Target Support Files/Pods-YannApplovinDemo/Pods-YannApplovinDemo.release.xcconfig"; sourceTree = "<group>"; };
		C8E7BB2072B82587D8C7FF87 /* Pods_YannApplovinDemo.framework */ = {isa = PBXFileReference; explicitFileType = wrapper.framework; includeInIndex = 0; path = Pods_YannApplovinDemo.framework; sourceTree = BUILT_PRODUCTS_DIR; };
		E022FB3386C9ED629667998A /* Pods-YannApplovinDemo.debug.xcconfig */ = {isa = PBXFileReference; includeInIndex = 1; lastKnownFileType = text.xcconfig; name = "Pods-YannApplovinDemo.debug.xcconfig"; path = "Target Support Files/Pods-YannApplovinDemo/Pods-YannApplovinDemo.debug.xcconfig"; sourceTree = "<group>"; };
		F66FD48A2A6FD6198053CE0A /* AppLovinQualityService.xcframework */ = {isa = PBXFileReference; expectedSignature = "AppleDeveloperProgram:B8HZ37M8S5:SafeDK Mobile Ltd."; includeInIndex = 1; lastKnownFileType = wrapper.xcframework; name = AppLovinQualityService.xcframework; path = AppLovinQualityService/AppLovinQualityService.xcframework; sourceTree = "<group>"; };
/* End PBXFileReference section */

/* Begin PBXFrameworksBuildPhase section */
		033B1A6B2C801F71008EEAA0 /* Frameworks */ = {
			isa = PBXFrameworksBuildPhase;
			buildActionMask = 2147483647;
			files = (
				375F94ADA785BF9950DE1140 /* AppLovinQualityService.xcframework in Frameworks */,
				D22A35B8EC53287D5502A6D6 /* Pods_YannApplovinDemo.framework in Frameworks */,
			);
			runOnlyForDeploymentPostprocessing = 0;
		};
/* End PBXFrameworksBuildPhase section */

/* Begin PBXGroup section */
		033B1A652C801F71008EEAA0 = {
			isa = PBXGroup;
			children = (
				033B1A702C801F71008EEAA0 /* YannApplovinDemo */,
				033B1A6F2C801F71008EEAA0 /* Products */,
				8E967D59DB82A1D5BA92FB37 /* Pods */,
				4F41BEE5136564BCAA309B2E /* Frameworks */,
				D2C30BAE29C7D92E4C9C5A7E /* AppLovinQualityService */,
			);
			sourceTree = "<group>";
		};
		033B1A6F2C801F71008EEAA0 /* Products */ = {
			isa = PBXGroup;
			children = (
				033B1A6E2C801F71008EEAA0 /* YannApplovinDemo.app */,
			);
			name = Products;
			sourceTree = "<group>";
		};
		033B1A702C801F71008EEAA0 /* YannApplovinDemo */ = {
			isa = PBXGroup;
			children = (
				033B1A852C8020EE008EEAA0 /* HomeAD */,
				033B1A712C801F71008EEAA0 /* AppDelegate.swift */,
				033B1A732C801F71008EEAA0 /* SceneDelegate.swift */,
				033B1A752C801F71008EEAA0 /* ViewController.swift */,
				033B1A772C801F71008EEAA0 /* Main.storyboard */,
				033B1A7A2C801F73008EEAA0 /* Assets.xcassets */,
				033B1A7C2C801F73008EEAA0 /* LaunchScreen.storyboard */,
				033B1A7F2C801F73008EEAA0 /* Info.plist */,
			);
			path = YannApplovinDemo;
			sourceTree = "<group>";
		};
		033B1A852C8020EE008EEAA0 /* HomeAD */ = {
			isa = PBXGroup;
			children = (
				033B1A862C802101008EEAA0 /* HomeADController.swift */,
			);
			path = HomeAD;
			sourceTree = "<group>";
		};
		4F41BEE5136564BCAA309B2E /* Frameworks */ = {
			isa = PBXGroup;
			children = (
				C8E7BB2072B82587D8C7FF87 /* Pods_YannApplovinDemo.framework */,
			);
			name = Frameworks;
			sourceTree = "<group>";
		};
		8E967D59DB82A1D5BA92FB37 /* Pods */ = {
			isa = PBXGroup;
			children = (
				E022FB3386C9ED629667998A /* Pods-YannApplovinDemo.debug.xcconfig */,
				513381FB9DD97EED8FC1969F /* Pods-YannApplovinDemo.release.xcconfig */,
			);
			path = Pods;
			sourceTree = "<group>";
		};
		D2C30BAE29C7D92E4C9C5A7E /* AppLovinQualityService */ = {
			isa = PBXGroup;
			children = (
				F66FD48A2A6FD6198053CE0A /* AppLovinQualityService.xcframework */,
			);
			name = AppLovinQualityService;
			sourceTree = "<group>";
		};
/* End PBXGroup section */

/* Begin PBXNativeTarget section */
		033B1A6D2C801F71008EEAA0 /* YannApplovinDemo */ = {
			isa = PBXNativeTarget;
			buildConfigurationList = 033B1A822C801F73008EEAA0 /* Build configuration list for PBXNativeTarget "YannApplovinDemo" */;
			buildPhases = (
				D788DDB6EBD84F4C19D6FB4E /* AppLovinQualityService Updater */,
				29F31896075623219A9FB63D /* AppLovinQualityService Embed Framework */,
				067801D31DCBC7369A2D4072 /* [CP] Check Pods Manifest.lock */,
				033B1A6A2C801F71008EEAA0 /* Sources */,
				033B1A6B2C801F71008EEAA0 /* Frameworks */,
				033B1A6C2C801F71008EEAA0 /* Resources */,
				3100E7A0BA97C13BAF385D2B /* [CP] Embed Pods Frameworks */,
				48F66EB17280B632C4E42B35 /* AppLovinQualityService */,
			);
			buildRules = (
			);
			dependencies = (
			);
			name = YannApplovinDemo;
			productName = YannApplovinDemo;
			productReference = 033B1A6E2C801F71008EEAA0 /* YannApplovinDemo.app */;
			productType = "com.apple.product-type.application";
		};
/* End PBXNativeTarget section */

/* Begin PBXProject section */
		033B1A662C801F71008EEAA0 /* Project object */ = {
			isa = PBXProject;
			attributes = {
				BuildIndependentTargetsInParallel = 1;
				LastSwiftUpdateCheck = 1540;
				LastUpgradeCheck = 1540;
				TargetAttributes = {
					033B1A6D2C801F71008EEAA0 = {
						CreatedOnToolsVersion = 15.4;
					};
				};
			};
			buildConfigurationList = 033B1A692C801F71008EEAA0 /* Build configuration list for PBXProject "YannApplovinDemo" */;
			compatibilityVersion = "Xcode 14.0";
			developmentRegion = en;
			hasScannedForEncodings = 0;
			knownRegions = (
				en,
				Base,
			);
			mainGroup = 033B1A652C801F71008EEAA0;
			productRefGroup = 033B1A6F2C801F71008EEAA0 /* Products */;
			projectDirPath = "";
			projectRoot = "";
			targets = (
				033B1A6D2C801F71008EEAA0 /* YannApplovinDemo */,
			);
		};
/* End PBXProject section */

/* Begin PBXResourcesBuildPhase section */
		033B1A6C2C801F71008EEAA0 /* Resources */ = {
			isa = PBXResourcesBuildPhase;
			buildActionMask = 2147483647;
			files = (
				033B1A7B2C801F73008EEAA0 /* Assets.xcassets in Resources */,
				033B1A7E2C801F73008EEAA0 /* Base in Resources */,
				033B1A792C801F71008EEAA0 /* Base in Resources */,
			);
			runOnlyForDeploymentPostprocessing = 0;
		};
/* End PBXResourcesBuildPhase section */

/* Begin PBXShellScriptBuildPhase section */
		067801D31DCBC7369A2D4072 /* [CP] Check Pods Manifest.lock */ = {
			isa = PBXShellScriptBuildPhase;
			buildActionMask = 2147483647;
			files = (
			);
			inputFileListPaths = (
			);
			inputPaths = (
				"${PODS_PODFILE_DIR_PATH}/Podfile.lock",
				"${PODS_ROOT}/Manifest.lock",
			);
			name = "[CP] Check Pods Manifest.lock";
			outputFileListPaths = (
			);
			outputPaths = (
				"$(DERIVED_FILE_DIR)/Pods-YannApplovinDemo-checkManifestLockResult.txt",
			);
			runOnlyForDeploymentPostprocessing = 0;
			shellPath = /bin/sh;
			shellScript = "diff \"${PODS_PODFILE_DIR_PATH}/Podfile.lock\" \"${PODS_ROOT}/Manifest.lock\" > /dev/null\nif [ $? != 0 ] ; then\n    # print error to STDERR\n    echo \"error: The sandbox is not in sync with the Podfile.lock. Run 'pod install' or update your CocoaPods installation.\" >&2\n    exit 1\nfi\n# This output is used by Xcode 'outputs' to avoid re-running this script phase.\necho \"SUCCESS\" > \"${SCRIPT_OUTPUT_FILE_0}\"\n";
			showEnvVarsInLog = 0;
		};
		3100E7A0BA97C13BAF385D2B /* [CP] Embed Pods Frameworks */ = {
			isa = PBXShellScriptBuildPhase;
			buildActionMask = 2147483647;
			files = (
			);
			inputFileListPaths = (
				"${PODS_ROOT}/Target Support Files/Pods-YannApplovinDemo/Pods-YannApplovinDemo-frameworks-${CONFIGURATION}-input-files.xcfilelist",
			);
			name = "[CP] Embed Pods Frameworks";
			outputFileListPaths = (
				"${PODS_ROOT}/Target Support Files/Pods-YannApplovinDemo/Pods-YannApplovinDemo-frameworks-${CONFIGURATION}-output-files.xcfilelist",
			);
			runOnlyForDeploymentPostprocessing = 0;
			shellPath = /bin/sh;
			shellScript = "\"${PODS_ROOT}/Target Support Files/Pods-YannApplovinDemo/Pods-YannApplovinDemo-frameworks.sh\"\n";
			showEnvVarsInLog = 0;
		};
		48F66EB17280B632C4E42B35 /* AppLovinQualityService */ = {
			isa = PBXShellScriptBuildPhase;
			buildActionMask = 2147483647;
			files = (
			);
			inputPaths = (
				AppLovinQualityService/AppLovinQualityServicePlugin.app,
				AppLovinQualityService/AppLovinQualityServicePlugin.app/Contents/Info.plist,
				AppLovinQualityService/AppLovinQualityServicePlugin.app/Contents/MacOS/AppLovinQualityServicePlugin,
				AppLovinQualityService/AppLovinQualityServicePlugin.app/Contents/Resources,
				AppLovinQualityService/AppLovinQualityServicePlugin.app/Contents/Info.plist,
				AppLovinQualityService/AppLovinQualityServicePlugin.app/Contents/MacOS/AppLovinQualityServicePlugin,
				"$(TARGET_BUILD_DIR)/$(INFOPLIST_PATH)",
				"$(TARGET_BUILD_DIR)/$(EXECUTABLE_PATH)",
				"$(TARGET_BUILD_DIR)/$(FRAMEWORKS_FOLDER_PATH)/UnityFramework.framework/UnityFramework",
				"AppLovinQualityServiceSetup-ios.rb",
			);
			name = AppLovinQualityService;
			outputPaths = (
				"$(TARGET_BUILD_DIR)/$(EXECUTABLE_FOLDER_PATH)/.AppLovinQualityService/AppLovinQualityService.json",
				"$(TARGET_BUILD_DIR)/$(EXECUTABLE_FOLDER_PATH)/.AppLovinQualityService/AppLovinQualityServiceRanges.json",
			);
			runOnlyForDeploymentPostprocessing = 0;
			shellPath = /bin/sh;
			shellScript = "AppLovinQualityService/AppLovinQualityServicePlugin.app/Contents/MacOS/AppLovinQualityServicePlugin \"AppLovinQualityServiceSetup-ios.rb\"";
		};
		D788DDB6EBD84F4C19D6FB4E /* AppLovinQualityService Updater */ = {
			isa = PBXShellScriptBuildPhase;
			alwaysOutOfDate = 1;
			buildActionMask = 2147483647;
			files = (
			);
			inputPaths = (
			);
			name = "AppLovinQualityService Updater";
			outputPaths = (
				AppLovinQualityService/AppLovinQualityServicePlugin.app,
			);
			runOnlyForDeploymentPostprocessing = 0;
			shellPath = /bin/sh;
			shellScript = "ruby \"AppLovinQualityServiceSetup-ios.rb\" update";
		};
/* End PBXShellScriptBuildPhase section */

/* Begin PBXSourcesBuildPhase section */
		033B1A6A2C801F71008EEAA0 /* Sources */ = {
			isa = PBXSourcesBuildPhase;
			buildActionMask = 2147483647;
			files = (
				033B1A762C801F71008EEAA0 /* ViewController.swift in Sources */,
				033B1A722C801F71008EEAA0 /* AppDelegate.swift in Sources */,
				033B1A742C801F71008EEAA0 /* SceneDelegate.swift in Sources */,
				033B1A872C802101008EEAA0 /* HomeADController.swift in Sources */,
			);
			runOnlyForDeploymentPostprocessing = 0;
		};
/* End PBXSourcesBuildPhase section */

/* Begin PBXVariantGroup section */
		033B1A772C801F71008EEAA0 /* Main.storyboard */ = {
			isa = PBXVariantGroup;
			children = (
				033B1A782C801F71008EEAA0 /* Base */,
			);
			name = Main.storyboard;
			sourceTree = "<group>";
		};
		033B1A7C2C801F73008EEAA0 /* LaunchScreen.storyboard */ = {
			isa = PBXVariantGroup;
			children = (
				033B1A7D2C801F73008EEAA0 /* Base */,
			);
			name = LaunchScreen.storyboard;
			sourceTree = "<group>";
		};
/* End PBXVariantGroup section */

/* Begin XCBuildConfiguration section */
		033B1A802C801F73008EEAA0 /* Debug */ = {
			isa = XCBuildConfiguration;
			buildSettings = {
				ALWAYS_SEARCH_USER_PATHS = NO;
				ASSETCATALOG_COMPILER_GENERATE_SWIFT_ASSET_SYMBOL_EXTENSIONS = YES;
				CLANG_ANALYZER_NONNULL = YES;
				CLANG_ANALYZER_NUMBER_OBJECT_CONVERSION = YES_AGGRESSIVE;
				CLANG_CXX_LANGUAGE_STANDARD = "gnu++20";
				CLANG_ENABLE_MODULES = YES;
				CLANG_ENABLE_OBJC_ARC = YES;
				CLANG_ENABLE_OBJC_WEAK = YES;
				CLANG_WARN_BLOCK_CAPTURE_AUTORELEASING = YES;
				CLANG_WARN_BOOL_CONVERSION = YES;
				CLANG_WARN_COMMA = YES;
				CLANG_WARN_CONSTANT_CONVERSION = YES;
				CLANG_WARN_DEPRECATED_OBJC_IMPLEMENTATIONS = YES;
				CLANG_WARN_DIRECT_OBJC_ISA_USAGE = YES_ERROR;
				CLANG_WARN_DOCUMENTATION_COMMENTS = YES;
				CLANG_WARN_EMPTY_BODY = YES;
				CLANG_WARN_ENUM_CONVERSION = YES;
				CLANG_WARN_INFINITE_RECURSION = YES;
				CLANG_WARN_INT_CONVERSION = YES;
				CLANG_WARN_NON_LITERAL_NULL_CONVERSION = YES;
				CLANG_WARN_OBJC_IMPLICIT_RETAIN_SELF = YES;
				CLANG_WARN_OBJC_LITERAL_CONVERSION = YES;
				CLANG_WARN_OBJC_ROOT_CLASS = YES_ERROR;
				CLANG_WARN_QUOTED_INCLUDE_IN_FRAMEWORK_HEADER = YES;
				CLANG_WARN_RANGE_LOOP_ANALYSIS = YES;
				CLANG_WARN_STRICT_PROTOTYPES = YES;
				CLANG_WARN_SUSPICIOUS_MOVE = YES;
				CLANG_WARN_UNGUARDED_AVAILABILITY = YES_AGGRESSIVE;
				CLANG_WARN_UNREACHABLE_CODE = YES;
				CLANG_WARN__DUPLICATE_METHOD_MATCH = YES;
				COPY_PHASE_STRIP = NO;
				DEBUG_INFORMATION_FORMAT = dwarf;
				ENABLE_STRICT_OBJC_MSGSEND = YES;
				ENABLE_TESTABILITY = YES;
				ENABLE_USER_SCRIPT_SANDBOXING = YES;
				FRAMEWORK_SEARCH_PATHS = (
					"$(inherited)",
					"$(PROJECT_DIR)/AppLovinQualityService",
				);
				GCC_C_LANGUAGE_STANDARD = gnu17;
				GCC_DYNAMIC_NO_PIC = NO;
				GCC_NO_COMMON_BLOCKS = YES;
				GCC_OPTIMIZATION_LEVEL = 0;
				GCC_PREPROCESSOR_DEFINITIONS = (
					"DEBUG=1",
					"$(inherited)",
				);
				GCC_WARN_64_TO_32_BIT_CONVERSION = YES;
				GCC_WARN_ABOUT_RETURN_TYPE = YES_ERROR;
				GCC_WARN_UNDECLARED_SELECTOR = YES;
				GCC_WARN_UNINITIALIZED_AUTOS = YES_AGGRESSIVE;
				GCC_WARN_UNUSED_FUNCTION = YES;
				GCC_WARN_UNUSED_VARIABLE = YES;
				IPHONEOS_DEPLOYMENT_TARGET = 17.5;
				LOCALIZATION_PREFERS_STRING_CATALOGS = YES;
				MTL_ENABLE_DEBUG_INFO = INCLUDE_SOURCE;
				MTL_FAST_MATH = YES;
				ONLY_ACTIVE_ARCH = YES;
				SDKROOT = iphoneos;
				SWIFT_ACTIVE_COMPILATION_CONDITIONS = "DEBUG $(inherited)";
				SWIFT_OPTIMIZATION_LEVEL = "-Onone";
			};
			name = Debug;
		};
		033B1A812C801F73008EEAA0 /* Release */ = {
			isa = XCBuildConfiguration;
			buildSettings = {
				ALWAYS_SEARCH_USER_PATHS = NO;
				ASSETCATALOG_COMPILER_GENERATE_SWIFT_ASSET_SYMBOL_EXTENSIONS = YES;
				CLANG_ANALYZER_NONNULL = YES;
				CLANG_ANALYZER_NUMBER_OBJECT_CONVERSION = YES_AGGRESSIVE;
				CLANG_CXX_LANGUAGE_STANDARD = "gnu++20";
				CLANG_ENABLE_MODULES = YES;
				CLANG_ENABLE_OBJC_ARC = YES;
				CLANG_ENABLE_OBJC_WEAK = YES;
				CLANG_WARN_BLOCK_CAPTURE_AUTORELEASING = YES;
				CLANG_WARN_BOOL_CONVERSION = YES;
				CLANG_WARN_COMMA = YES;
				CLANG_WARN_CONSTANT_CONVERSION = YES;
				CLANG_WARN_DEPRECATED_OBJC_IMPLEMENTATIONS = YES;
				CLANG_WARN_DIRECT_OBJC_ISA_USAGE = YES_ERROR;
				CLANG_WARN_DOCUMENTATION_COMMENTS = YES;
				CLANG_WARN_EMPTY_BODY = YES;
				CLANG_WARN_ENUM_CONVERSION = YES;
				CLANG_WARN_INFINITE_RECURSION = YES;
				CLANG_WARN_INT_CONVERSION = YES;
				CLANG_WARN_NON_LITERAL_NULL_CONVERSION = YES;
				CLANG_WARN_OBJC_IMPLICIT_RETAIN_SELF = YES;
				CLANG_WARN_OBJC_LITERAL_CONVERSION = YES;
				CLANG_WARN_OBJC_ROOT_CLASS = YES_ERROR;
				CLANG_WARN_QUOTED_INCLUDE_IN_FRAMEWORK_HEADER = YES;
				CLANG_WARN_RANGE_LOOP_ANALYSIS = YES;
				CLANG_WARN_STRICT_PROTOTYPES = YES;
				CLANG_WARN_SUSPICIOUS_MOVE = YES;
				CLANG_WARN_UNGUARDED_AVAILABILITY = YES_AGGRESSIVE;
				CLANG_WARN_UNREACHABLE_CODE = YES;
				CLANG_WARN__DUPLICATE_METHOD_MATCH = YES;
				COPY_PHASE_STRIP = NO;
				DEBUG_INFORMATION_FORMAT = "dwarf-with-dsym";
				ENABLE_NS_ASSERTIONS = NO;
				ENABLE_STRICT_OBJC_MSGSEND = YES;
				ENABLE_USER_SCRIPT_SANDBOXING = YES;
				FRAMEWORK_SEARCH_PATHS = (
					"$(inherited)",
					"$(PROJECT_DIR)/AppLovinQualityService",
				);
				GCC_C_LANGUAGE_STANDARD = gnu17;
				GCC_NO_COMMON_BLOCKS = YES;
				GCC_WARN_64_TO_32_BIT_CONVERSION = YES;
				GCC_WARN_ABOUT_RETURN_TYPE = YES_ERROR;
				GCC_WARN_UNDECLARED_SELECTOR = YES;
				GCC_WARN_UNINITIALIZED_AUTOS = YES_AGGRESSIVE;
				GCC_WARN_UNUSED_FUNCTION = YES;
				GCC_WARN_UNUSED_VARIABLE = YES;
				IPHONEOS_DEPLOYMENT_TARGET = 17.5;
				LOCALIZATION_PREFERS_STRING_CATALOGS = YES;
				MTL_ENABLE_DEBUG_INFO = NO;
				MTL_FAST_MATH = YES;
				SDKROOT = iphoneos;
				SWIFT_COMPILATION_MODE = wholemodule;
				VALIDATE_PRODUCT = YES;
			};
			name = Release;
		};
		033B1A832C801F73008EEAA0 /* Debug */ = {
			isa = XCBuildConfiguration;
			baseConfigurationReference = E022FB3386C9ED629667998A /* Pods-YannApplovinDemo.debug.xcconfig */;
			buildSettings = {
				ASSETCATALOG_COMPILER_APPICON_NAME = AppIcon;
				ASSETCATALOG_COMPILER_GLOBAL_ACCENT_COLOR_NAME = AccentColor;
				"CODE_SIGN_IDENTITY[sdk=iphoneos*]" = "iPhone Developer";
				CODE_SIGN_STYLE = Manual;
				CURRENT_PROJECT_VERSION = 1;
				DEVELOPMENT_TEAM = "";
				"DEVELOPMENT_TEAM[sdk=iphoneos*]" = 7AHQS93WU9;
				ENABLE_USER_SCRIPT_SANDBOXING = NO;
				FRAMEWORK_SEARCH_PATHS = (
					"$(inherited)",
					"$(inherited)",
				);
				GENERATE_INFOPLIST_FILE = YES;
				INFOPLIST_FILE = YannApplovinDemo/Info.plist;
				INFOPLIST_KEY_CFBundleDisplayName = "";
				INFOPLIST_KEY_LSApplicationCategoryType = "";
				INFOPLIST_KEY_UIApplicationSupportsIndirectInputEvents = YES;
				INFOPLIST_KEY_UILaunchStoryboardName = LaunchScreen;
				INFOPLIST_KEY_UIMainStoryboardFile = Main;
				INFOPLIST_KEY_UISupportedInterfaceOrientations_iPad = "UIInterfaceOrientationPortrait UIInterfaceOrientationPortraitUpsideDown UIInterfaceOrientationLandscapeLeft UIInterfaceOrientationLandscapeRight";
				INFOPLIST_KEY_UISupportedInterfaceOrientations_iPhone = "UIInterfaceOrientationPortrait UIInterfaceOrientationLandscapeLeft UIInterfaceOrientationLandscapeRight";
				IPHONEOS_DEPLOYMENT_TARGET = 13.0;
				LD_RUNPATH_SEARCH_PATHS = (
					"$(inherited)",
					"@executable_path/Frameworks",
				);
				MARKETING_VERSION = 1.0;
				OTHER_LDFLAGS = (
					"$(inherited)",
					"-ObjC",
				);
				PRODUCT_BUNDLE_IDENTIFIER = com.netshort.abroad;
				PRODUCT_NAME = "$(TARGET_NAME)";
				PROVISIONING_PROFILE_SPECIFIER = "";
				"PROVISIONING_PROFILE_SPECIFIER[sdk=iphoneos*]" = Netshort_Dev_Profile;
				SUPPORTED_PLATFORMS = "iphoneos iphonesimulator";
				SUPPORTS_MACCATALYST = NO;
				SUPPORTS_MAC_DESIGNED_FOR_IPHONE_IPAD = NO;
				SUPPORTS_XR_DESIGNED_FOR_IPHONE_IPAD = NO;
				SWIFT_EMIT_LOC_STRINGS = YES;
				SWIFT_VERSION = 5.0;
				TARGETED_DEVICE_FAMILY = "1,2";
			};
			name = Debug;
		};
		033B1A842C801F73008EEAA0 /* Release */ = {
			isa = XCBuildConfiguration;
			baseConfigurationReference = 513381FB9DD97EED8FC1969F /* Pods-YannApplovinDemo.release.xcconfig */;
			buildSettings = {
				ASSETCATALOG_COMPILER_APPICON_NAME = AppIcon;
				ASSETCATALOG_COMPILER_GLOBAL_ACCENT_COLOR_NAME = AccentColor;
				"CODE_SIGN_IDENTITY[sdk=iphoneos*]" = "iPhone Developer";
				CODE_SIGN_STYLE = Manual;
				CURRENT_PROJECT_VERSION = 1;
				DEVELOPMENT_TEAM = "";
				"DEVELOPMENT_TEAM[sdk=iphoneos*]" = 7AHQS93WU9;
				ENABLE_USER_SCRIPT_SANDBOXING = NO;
				FRAMEWORK_SEARCH_PATHS = (
					"$(inherited)",
					"$(inherited)",
				);
				GENERATE_INFOPLIST_FILE = YES;
				INFOPLIST_FILE = YannApplovinDemo/Info.plist;
				INFOPLIST_KEY_CFBundleDisplayName = "";
				INFOPLIST_KEY_LSApplicationCategoryType = "";
				INFOPLIST_KEY_UIApplicationSupportsIndirectInputEvents = YES;
				INFOPLIST_KEY_UILaunchStoryboardName = LaunchScreen;
				INFOPLIST_KEY_UIMainStoryboardFile = Main;
				INFOPLIST_KEY_UISupportedInterfaceOrientations_iPad = "UIInterfaceOrientationPortrait UIInterfaceOrientationPortraitUpsideDown UIInterfaceOrientationLandscapeLeft UIInterfaceOrientationLandscapeRight";
				INFOPLIST_KEY_UISupportedInterfaceOrientations_iPhone = "UIInterfaceOrientationPortrait UIInterfaceOrientationLandscapeLeft UIInterfaceOrientationLandscapeRight";
				IPHONEOS_DEPLOYMENT_TARGET = 13.0;
				LD_RUNPATH_SEARCH_PATHS = (
					"$(inherited)",
					"@executable_path/Frameworks",
				);
				MARKETING_VERSION = 1.0;
				OTHER_LDFLAGS = (
					"$(inherited)",
					"-ObjC",
				);
				PRODUCT_BUNDLE_IDENTIFIER = com.netshort.abroad;
				PRODUCT_NAME = "$(TARGET_NAME)";
				PROVISIONING_PROFILE_SPECIFIER = "";
				"PROVISIONING_PROFILE_SPECIFIER[sdk=iphoneos*]" = Netshort_Dev_Profile;
				SUPPORTED_PLATFORMS = "iphoneos iphonesimulator";
				SUPPORTS_MACCATALYST = NO;
				SUPPORTS_MAC_DESIGNED_FOR_IPHONE_IPAD = NO;
				SUPPORTS_XR_DESIGNED_FOR_IPHONE_IPAD = NO;
				SWIFT_EMIT_LOC_STRINGS = YES;
				SWIFT_VERSION = 5.0;
				TARGETED_DEVICE_FAMILY = "1,2";
			};
			name = Release;
		};
/* End XCBuildConfiguration section */

/* Begin XCConfigurationList section */
		033B1A692C801F71008EEAA0 /* Build configuration list for PBXProject "YannApplovinDemo" */ = {
			isa = XCConfigurationList;
			buildConfigurations = (
				033B1A802C801F73008EEAA0 /* Debug */,
				033B1A812C801F73008EEAA0 /* Release */,
			);
			defaultConfigurationIsVisible = 0;
			defaultConfigurationName = Release;
		};
		033B1A822C801F73008EEAA0 /* Build configuration list for PBXNativeTarget "YannApplovinDemo" */ = {
			isa = XCConfigurationList;
			buildConfigurations = (
				033B1A832C801F73008EEAA0 /* Debug */,
				033B1A842C801F73008EEAA0 /* Release */,
			);
			defaultConfigurationIsVisible = 0;
			defaultConfigurationName = Release;
		};
/* End XCConfigurationList section */
	};
	rootObject = 033B1A662C801F71008EEAA0 /* Project object */;
}
